
Microsoft Visual Studio Solution File, Format Version 12.00
# Visual Studio Version 17
VisualStudioVersion = 17.10.35013.160
MinimumVisualStudioVersion = 10.0.40219.1
Project("{FAE04EC0-301F-11D3-BF4B-00C04F79EFBC}") = "Hospital_Management_System_Group6", "Hospital_Management_System_Group6\Hospital_Management_System_Group6.csproj", "{D3ED26FB-F26C-47F8-BF29-99F93C351DD1}"
EndProject
Global
	GlobalSection(SolutionConfigurationPlatforms) = preSolution
		Debug|Any CPU = Debug|Any CPU
		Release|Any CPU = Release|Any CPU
	EndGlobalSection
	GlobalSection(ProjectConfigurationPlatforms) = postSolution
		{D3ED26FB-F26C-47F8-BF29-99F93C351DD1}.Debug|Any CPU.ActiveCfg = Debug|Any CPU
		{D3ED26FB-F26C-47F8-BF29-99F93C351DD1}.Debug|Any CPU.Build.0 = Debug|Any CPU
		{D3ED26FB-F26C-47F8-BF29-99F93C351DD1}.Release|Any CPU.ActiveCfg = Release|Any CPU
		{D3ED26FB-F26C-47F8-BF29-99F93C351DD1}.Release|Any CPU.Build.0 = Release|Any CPU
	EndGlobalSection
	GlobalSection(SolutionProperties) = preSolution
		HideSolutionNode = FALSE
	EndGlobalSection
	GlobalSection(ExtensibilityGlobals) = postSolution
		SolutionGuid = {9DEADCD4-29EC-4B9B-8CE0-541B62588BEF}
	EndGlobalSection
EndGlobal
